
Microsoft Visual Studio Solution File, Format Version 12.00
# Visual Studio Version 17
VisualStudioVersion = 17.13.35825.156
MinimumVisualStudioVersion = 10.0.40219.1
Project("{FAE04EC0-301F-11D3-BF4B-00C04F79EFBC}") = "dem", "dem\dem.csproj", "{49671107-D1C2-4A85-BED0-135D61C12441}"
EndProject
Project("{FAE04EC0-301F-11D3-BF4B-00C04F79EFBC}") = "demo", "demo\demo.csproj", "{AFD32552-68EE-41FA-AE03-76A7A7DDDAC7}"
EndProject
Global
	GlobalSection(SolutionConfigurationPlatforms) = preSolution
		Debug|Any CPU = Debug|Any CPU
		Release|Any CPU = Release|Any CPU
	EndGlobalSection
	GlobalSection(ProjectConfigurationPlatforms) = postSolution
		{49671107-D1C2-4A85-BED0-135D61C12441}.Debug|Any CPU.ActiveCfg = Debug|Any CPU
		{49671107-D1C2-4A85-BED0-135D61C12441}.Debug|Any CPU.Build.0 = Debug|Any CPU
		{49671107-D1C2-4A85-BED0-135D61C12441}.Release|Any CPU.ActiveCfg = Release|Any CPU
		{49671107-D1C2-4A85-BED0-135D61C12441}.Release|Any CPU.Build.0 = Release|Any CPU
		{AFD32552-68EE-41FA-AE03-76A7A7DDDAC7}.Debug|Any CPU.ActiveCfg = Debug|Any CPU
		{AFD32552-68EE-41FA-AE03-76A7A7DDDAC7}.Debug|Any CPU.Build.0 = Debug|Any CPU
		{AFD32552-68EE-41FA-AE03-76A7A7DDDAC7}.Release|Any CPU.ActiveCfg = Release|Any CPU
		{AFD32552-68EE-41FA-AE03-76A7A7DDDAC7}.Release|Any CPU.Build.0 = Release|Any CPU
	EndGlobalSection
	GlobalSection(SolutionProperties) = preSolution
		HideSolutionNode = FALSE
	EndGlobalSection
	GlobalSection(ExtensibilityGlobals) = postSolution
		SolutionGuid = {5249C26A-B430-4D0E-823A-84E7362E86F2}
	EndGlobalSection
EndGlobal
